// !$*UTF8*$!
{
	archiveVersion = 1;
	classes = {
	};
	objectVersion = 48;
	objects = {

/* Begin PBXBuildFile section */
		6230FCEB203FA6C90075FD33 /* AppDelegate.swift in Sources */ = {isa = PBXBuildFile; fileRef = 6230FCEA203FA6C90075FD33 /* AppDelegate.swift */; };
		6230FCF0203FA6C90075FD33 /* Main.storyboard in Resources */ = {isa = PBXBuildFile; fileRef = 6230FCEE203FA6C90075FD33 /* Main.storyboard */; };
		6230FCF2203FA6C90075FD33 /* Assets.xcassets in Resources */ = {isa = PBXBuildFile; fileRef = 6230FCF1203FA6C90075FD33 /* Assets.xcassets */; };
		6230FCF5203FA6C90075FD33 /* LaunchScreen.storyboard in Resources */ = {isa = PBXBuildFile; fileRef = 6230FCF3203FA6C90075FD33 /* LaunchScreen.storyboard */; };
		6230FD00203FA6C90075FD33 /* AMPNewsTests.swift in Sources */ = {isa = PBXBuildFile; fileRef = 6230FCFF203FA6C90075FD33 /* AMPNewsTests.swift */; };
		6230FD0B203FA6C90075FD33 /* AMPNewsUITests.swift in Sources */ = {isa = PBXBuildFile; fileRef = 6230FD0A203FA6C90075FD33 /* AMPNewsUITests.swift */; };
		6230FD1E203FD2BC0075FD33 /* NetworkService.swift in Sources */ = {isa = PBXBuildFile; fileRef = 6230FD1D203FD2BC0075FD33 /* NetworkService.swift */; };
		6230FD22203FD2E30075FD33 /* NetworkResource.swift in Sources */ = {isa = PBXBuildFile; fileRef = 6230FD21203FD2E30075FD33 /* NetworkResource.swift */; };
		6230FD24203FD33C0075FD33 /* Utilities.swift in Sources */ = {isa = PBXBuildFile; fileRef = 6230FD23203FD33C0075FD33 /* Utilities.swift */; };
		6230FD28203FDA400075FD33 /* ErrorType.swift in Sources */ = {isa = PBXBuildFile; fileRef = 6230FD27203FDA400075FD33 /* ErrorType.swift */; };
		6230FD2A203FE1F40075FD33 /* NetworkApiClient.swift in Sources */ = {isa = PBXBuildFile; fileRef = 6230FD29203FE1F40075FD33 /* NetworkApiClient.swift */; };
		6230FD2C203FE2050075FD33 /* MockApiClient.swift in Sources */ = {isa = PBXBuildFile; fileRef = 6230FD2B203FE2050075FD33 /* MockApiClient.swift */; };
		6230FD2E203FF11E0075FD33 /* ViewController.swift in Sources */ = {isa = PBXBuildFile; fileRef = 6230FD2D203FF11E0075FD33 /* ViewController.swift */; };
		6230FD34203FF3290075FD33 /* NewsArticleList.json in Resources */ = {isa = PBXBuildFile; fileRef = 6230FD33203FF3290075FD33 /* NewsArticleList.json */; };
		6230FD35203FF3340075FD33 /* NewsArticleList.json in Resources */ = {isa = PBXBuildFile; fileRef = 6230FD33203FF3290075FD33 /* NewsArticleList.json */; };
		6230FD37203FF3CB0075FD33 /* TestHelper.swift in Sources */ = {isa = PBXBuildFile; fileRef = 6230FD36203FF3CB0075FD33 /* TestHelper.swift */; };
		6230FD38203FF4820075FD33 /* TestHelper.swift in Sources */ = {isa = PBXBuildFile; fileRef = 6230FD36203FF3CB0075FD33 /* TestHelper.swift */; };
		6230FD3A203FF6AF0075FD33 /* NewsArticle.swift in Sources */ = {isa = PBXBuildFile; fileRef = 6230FD39203FF6AF0075FD33 /* NewsArticle.swift */; };
		6230FD3C203FF86C0075FD33 /* RelatedImage.swift in Sources */ = {isa = PBXBuildFile; fileRef = 6230FD3B203FF86C0075FD33 /* RelatedImage.swift */; };
		6230FD3E20400B240075FD33 /* NewsArticleList.swift in Sources */ = {isa = PBXBuildFile; fileRef = 6230FD3D20400B240075FD33 /* NewsArticleList.swift */; };
		6230FD4020400DA80075FD33 /* NewsArticleListViewModel.swift in Sources */ = {isa = PBXBuildFile; fileRef = 6230FD3F20400DA80075FD33 /* NewsArticleListViewModel.swift */; };
		6230FD42204042FE0075FD33 /* NewsArticleViewModel.swift in Sources */ = {isa = PBXBuildFile; fileRef = 6230FD41204042FE0075FD33 /* NewsArticleViewModel.swift */; };
		625222872042AD7D009D0D5C /* NewsArticleListTests.swift in Sources */ = {isa = PBXBuildFile; fileRef = 625222862042AD7D009D0D5C /* NewsArticleListTests.swift */; };
		625222892042B1A8009D0D5C /* NewsArticleArray.json in Resources */ = {isa = PBXBuildFile; fileRef = 625222882042B1A8009D0D5C /* NewsArticleArray.json */; };
		6252228B2042BB1B009D0D5C /* NewsArticleViewModelTests.swift in Sources */ = {isa = PBXBuildFile; fileRef = 6252228A2042BB1B009D0D5C /* NewsArticleViewModelTests.swift */; };
		6252228D2042BE4C009D0D5C /* NewsArticleListViewModelTests.swift in Sources */ = {isa = PBXBuildFile; fileRef = 6252228C2042BE4C009D0D5C /* NewsArticleListViewModelTests.swift */; };
		626B77DE204189F600A93C9F /* NewsArticleTests.swift in Sources */ = {isa = PBXBuildFile; fileRef = 626B77DD204189F600A93C9F /* NewsArticleTests.swift */; };
		626B77E020418CA000A93C9F /* NewsArticleKeyNotFound.json in Resources */ = {isa = PBXBuildFile; fileRef = 626B77DF20418CA000A93C9F /* NewsArticleKeyNotFound.json */; };
		626B77E22041921600A93C9F /* NewsArticle.json in Resources */ = {isa = PBXBuildFile; fileRef = 626B77E12041921600A93C9F /* NewsArticle.json */; };
		626B77E42041942800A93C9F /* NewsArticleRelatedImages.json in Resources */ = {isa = PBXBuildFile; fileRef = 626B77E32041942800A93C9F /* NewsArticleRelatedImages.json */; };
		626B77E62041A38400A93C9F /* RelatedImageTests.swift in Sources */ = {isa = PBXBuildFile; fileRef = 626B77E52041A38400A93C9F /* RelatedImageTests.swift */; };
		626B77E82041A3C300A93C9F /* RelatedImage.json in Resources */ = {isa = PBXBuildFile; fileRef = 626B77E72041A3C300A93C9F /* RelatedImage.json */; };
		626B77EC2041A40F00A93C9F /* RelatedImageKeyNotFound.json in Resources */ = {isa = PBXBuildFile; fileRef = 626B77EB2041A40E00A93C9F /* RelatedImageKeyNotFound.json */; };
		62E6267E2042C9EF00E9604D /* ErrorTypeTests.swift in Sources */ = {isa = PBXBuildFile; fileRef = 62E6267D2042C9EF00E9604D /* ErrorTypeTests.swift */; };
		6A907418544E62885464ABE1 /* Pods_AMPNewsUITests.framework in Frameworks */ = {isa = PBXBuildFile; fileRef = 2D9BFCD13D6F1BDA9C65EB78 /* Pods_AMPNewsUITests.framework */; };
		C15F8008F83657BB3A8A0CA2 /* Pods_AMPNewsTests.framework in Frameworks */ = {isa = PBXBuildFile; fileRef = 009A733DA42BC473B6137CB6 /* Pods_AMPNewsTests.framework */; };
		DF47A403159AD3E0CACD79CE /* Pods_AMPNews.framework in Frameworks */ = {isa = PBXBuildFile; fileRef = 6A8CE96EB5090D9683027098 /* Pods_AMPNews.framework */; };
/* End PBXBuildFile section */

/* Begin PBXContainerItemProxy section */
		6230FCFC203FA6C90075FD33 /* PBXContainerItemProxy */ = {
			isa = PBXContainerItemProxy;
			containerPortal = 6230FCDF203FA6C90075FD33 /* Project object */;
			proxyType = 1;
			remoteGlobalIDString = 6230FCE6203FA6C90075FD33;
			remoteInfo = AMPNews;
		};
		6230FD07203FA6C90075FD33 /* PBXContainerItemProxy */ = {
			isa = PBXContainerItemProxy;
			containerPortal = 6230FCDF203FA6C90075FD33 /* Project object */;
			proxyType = 1;
			remoteGlobalIDString = 6230FCE6203FA6C90075FD33;
			remoteInfo = AMPNews;
		};
/* End PBXContainerItemProxy section */

/* Begin PBXFileReference section */
		009A733DA42BC473B6137CB6 /* Pods_AMPNewsTests.framework */ = {isa = PBXFileReference; explicitFileType = wrapper.framework; includeInIndex = 0; path = Pods_AMPNewsTests.framework; sourceTree = BUILT_PRODUCTS_DIR; };
		2D9BFCD13D6F1BDA9C65EB78 /* Pods_AMPNewsUITests.framework */ = {isa = PBXFileReference; explicitFileType = wrapper.framework; includeInIndex = 0; path = Pods_AMPNewsUITests.framework; sourceTree = BUILT_PRODUCTS_DIR; };
		6230FCE7203FA6C90075FD33 /* AMPNews.app */ = {isa = PBXFileReference; explicitFileType = wrapper.application; includeInIndex = 0; path = AMPNews.app; sourceTree = BUILT_PRODUCTS_DIR; };
		6230FCEA203FA6C90075FD33 /* AppDelegate.swift */ = {isa = PBXFileReference; lastKnownFileType = sourcecode.swift; path = AppDelegate.swift; sourceTree = "<group>"; };
		6230FCEF203FA6C90075FD33 /* Base */ = {isa = PBXFileReference; lastKnownFileType = file.storyboard; name = Base; path = Base.lproj/Main.storyboard; sourceTree = "<group>"; };
		6230FCF1203FA6C90075FD33 /* Assets.xcassets */ = {isa = PBXFileReference; lastKnownFileType = folder.assetcatalog; path = Assets.xcassets; sourceTree = "<group>"; };
		6230FCF4203FA6C90075FD33 /* Base */ = {isa = PBXFileReference; lastKnownFileType = file.storyboard; name = Base; path = Base.lproj/LaunchScreen.storyboard; sourceTree = "<group>"; };
		6230FCF6203FA6C90075FD33 /* Info.plist */ = {isa = PBXFileReference; lastKnownFileType = text.plist.xml; path = Info.plist; sourceTree = "<group>"; };
		6230FCFB203FA6C90075FD33 /* AMPNewsTests.xctest */ = {isa = PBXFileReference; explicitFileType = wrapper.cfbundle; includeInIndex = 0; path = AMPNewsTests.xctest; sourceTree = BUILT_PRODUCTS_DIR; };
		6230FCFF203FA6C90075FD33 /* AMPNewsTests.swift */ = {isa = PBXFileReference; lastKnownFileType = sourcecode.swift; path = AMPNewsTests.swift; sourceTree = "<group>"; };
		6230FD01203FA6C90075FD33 /* Info.plist */ = {isa = PBXFileReference; lastKnownFileType = text.plist.xml; path = Info.plist; sourceTree = "<group>"; };
		6230FD06203FA6C90075FD33 /* AMPNewsUITests.xctest */ = {isa = PBXFileReference; explicitFileType = wrapper.cfbundle; includeInIndex = 0; path = AMPNewsUITests.xctest; sourceTree = BUILT_PRODUCTS_DIR; };
		6230FD0A203FA6C90075FD33 /* AMPNewsUITests.swift */ = {isa = PBXFileReference; lastKnownFileType = sourcecode.swift; path = AMPNewsUITests.swift; sourceTree = "<group>"; };
		6230FD0C203FA6C90075FD33 /* Info.plist */ = {isa = PBXFileReference; lastKnownFileType = text.plist.xml; path = Info.plist; sourceTree = "<group>"; };
		6230FD1D203FD2BC0075FD33 /* NetworkService.swift */ = {isa = PBXFileReference; lastKnownFileType = sourcecode.swift; path = NetworkService.swift; sourceTree = "<group>"; };
		6230FD21203FD2E30075FD33 /* NetworkResource.swift */ = {isa = PBXFileReference; lastKnownFileType = sourcecode.swift; path = NetworkResource.swift; sourceTree = "<group>"; };
		6230FD23203FD33C0075FD33 /* Utilities.swift */ = {isa = PBXFileReference; lastKnownFileType = sourcecode.swift; path = Utilities.swift; sourceTree = "<group>"; };
		6230FD27203FDA400075FD33 /* ErrorType.swift */ = {isa = PBXFileReference; lastKnownFileType = sourcecode.swift; path = ErrorType.swift; sourceTree = "<group>"; };
		6230FD29203FE1F40075FD33 /* NetworkApiClient.swift */ = {isa = PBXFileReference; lastKnownFileType = sourcecode.swift; path = NetworkApiClient.swift; sourceTree = "<group>"; };
		6230FD2B203FE2050075FD33 /* MockApiClient.swift */ = {isa = PBXFileReference; lastKnownFileType = sourcecode.swift; path = MockApiClient.swift; sourceTree = "<group>"; };
		6230FD2D203FF11E0075FD33 /* ViewController.swift */ = {isa = PBXFileReference; lastKnownFileType = sourcecode.swift; name = ViewController.swift; path = AMPNews/ViewController.swift; sourceTree = SOURCE_ROOT; };
		6230FD33203FF3290075FD33 /* NewsArticleList.json */ = {isa = PBXFileReference; fileEncoding = 4; lastKnownFileType = text.json; name = NewsArticleList.json; path = AMPNewsTests/MockData/NewsArticleList.json; sourceTree = SOURCE_ROOT; };
		6230FD36203FF3CB0075FD33 /* TestHelper.swift */ = {isa = PBXFileReference; lastKnownFileType = sourcecode.swift; path = TestHelper.swift; sourceTree = "<group>"; };
		6230FD39203FF6AF0075FD33 /* NewsArticle.swift */ = {isa = PBXFileReference; lastKnownFileType = sourcecode.swift; path = NewsArticle.swift; sourceTree = "<group>"; };
		6230FD3B203FF86C0075FD33 /* RelatedImage.swift */ = {isa = PBXFileReference; lastKnownFileType = sourcecode.swift; path = RelatedImage.swift; sourceTree = "<group>"; };
		6230FD3D20400B240075FD33 /* NewsArticleList.swift */ = {isa = PBXFileReference; lastKnownFileType = sourcecode.swift; path = NewsArticleList.swift; sourceTree = "<group>"; };
		6230FD3F20400DA80075FD33 /* NewsArticleListViewModel.swift */ = {isa = PBXFileReference; lastKnownFileType = sourcecode.swift; path = NewsArticleListViewModel.swift; sourceTree = "<group>"; };
		6230FD41204042FE0075FD33 /* NewsArticleViewModel.swift */ = {isa = PBXFileReference; lastKnownFileType = sourcecode.swift; path = NewsArticleViewModel.swift; sourceTree = "<group>"; };
		625222862042AD7D009D0D5C /* NewsArticleListTests.swift */ = {isa = PBXFileReference; lastKnownFileType = sourcecode.swift; path = NewsArticleListTests.swift; sourceTree = "<group>"; };
		625222882042B1A8009D0D5C /* NewsArticleArray.json */ = {isa = PBXFileReference; lastKnownFileType = text.json; name = NewsArticleArray.json; path = AMPNewsTests/NewsArticleArray.json; sourceTree = SOURCE_ROOT; };
		6252228A2042BB1B009D0D5C /* NewsArticleViewModelTests.swift */ = {isa = PBXFileReference; lastKnownFileType = sourcecode.swift; path = NewsArticleViewModelTests.swift; sourceTree = "<group>"; };
		6252228C2042BE4C009D0D5C /* NewsArticleListViewModelTests.swift */ = {isa = PBXFileReference; lastKnownFileType = sourcecode.swift; path = NewsArticleListViewModelTests.swift; sourceTree = "<group>"; };
		626B77DD204189F600A93C9F /* NewsArticleTests.swift */ = {isa = PBXFileReference; lastKnownFileType = sourcecode.swift; path = NewsArticleTests.swift; sourceTree = "<group>"; };
		626B77DF20418CA000A93C9F /* NewsArticleKeyNotFound.json */ = {isa = PBXFileReference; lastKnownFileType = text.json; name = NewsArticleKeyNotFound.json; path = AMPNewsTests/NewsArticleKeyNotFound.json; sourceTree = SOURCE_ROOT; };
		626B77E12041921600A93C9F /* NewsArticle.json */ = {isa = PBXFileReference; lastKnownFileType = text.json; name = NewsArticle.json; path = AMPNewsTests/NewsArticle.json; sourceTree = SOURCE_ROOT; };
		626B77E32041942800A93C9F /* NewsArticleRelatedImages.json */ = {isa = PBXFileReference; lastKnownFileType = text.json; name = NewsArticleRelatedImages.json; path = AMPNewsTests/NewsArticleRelatedImages.json; sourceTree = SOURCE_ROOT; };
		626B77E52041A38400A93C9F /* RelatedImageTests.swift */ = {isa = PBXFileReference; lastKnownFileType = sourcecode.swift; path = RelatedImageTests.swift; sourceTree = "<group>"; };
		626B77E72041A3C300A93C9F /* RelatedImage.json */ = {isa = PBXFileReference; lastKnownFileType = text.json; name = RelatedImage.json; path = AMPNewsTests/RelatedImage.json; sourceTree = SOURCE_ROOT; };
		626B77EB2041A40E00A93C9F /* RelatedImageKeyNotFound.json */ = {isa = PBXFileReference; lastKnownFileType = text.json; name = RelatedImageKeyNotFound.json; path = AMPNewsTests/RelatedImageKeyNotFound.json; sourceTree = SOURCE_ROOT; };
		62E6267D2042C9EF00E9604D /* ErrorTypeTests.swift */ = {isa = PBXFileReference; lastKnownFileType = sourcecode.swift; path = ErrorTypeTests.swift; sourceTree = "<group>"; };
		6A8CE96EB5090D9683027098 /* Pods_AMPNews.framework */ = {isa = PBXFileReference; explicitFileType = wrapper.framework; includeInIndex = 0; path = Pods_AMPNews.framework; sourceTree = BUILT_PRODUCTS_DIR; };
		77DDFF3302515D107419B44E /* Pods-AMPNews.release.xcconfig */ = {isa = PBXFileReference; includeInIndex = 1; lastKnownFileType = text.xcconfig; name = "Pods-AMPNews.release.xcconfig"; path = "Pods/Target Support Files/Pods-AMPNews/Pods-AMPNews.release.xcconfig"; sourceTree = "<group>"; };
		CE8663CE1CFF5BD54972A41D /* Pods-AMPNewsTests.release.xcconfig */ = {isa = PBXFileReference; includeInIndex = 1; lastKnownFileType = text.xcconfig; name = "Pods-AMPNewsTests.release.xcconfig"; path = "Pods/Target Support Files/Pods-AMPNewsTests/Pods-AMPNewsTests.release.xcconfig"; sourceTree = "<group>"; };
		E842C9ED2400FBD088202DB3 /* Pods-AMPNewsUITests.debug.xcconfig */ = {isa = PBXFileReference; includeInIndex = 1; lastKnownFileType = text.xcconfig; name = "Pods-AMPNewsUITests.debug.xcconfig"; path = "Pods/Target Support Files/Pods-AMPNewsUITests/Pods-AMPNewsUITests.debug.xcconfig"; sourceTree = "<group>"; };
		EA7EED7F60E7572EFDF4ECC7 /* Pods-AMPNewsUITests.release.xcconfig */ = {isa = PBXFileReference; includeInIndex = 1; lastKnownFileType = text.xcconfig; name = "Pods-AMPNewsUITests.release.xcconfig"; path = "Pods/Target Support Files/Pods-AMPNewsUITests/Pods-AMPNewsUITests.release.xcconfig"; sourceTree = "<group>"; };
		FCFE3703FA3E02B4EB94F67C /* Pods-AMPNewsTests.debug.xcconfig */ = {isa = PBXFileReference; includeInIndex = 1; lastKnownFileType = text.xcconfig; name = "Pods-AMPNewsTests.debug.xcconfig"; path = "Pods/Target Support Files/Pods-AMPNewsTests/Pods-AMPNewsTests.debug.xcconfig"; sourceTree = "<group>"; };
		FF19E9D17C166236C364A8ED /* Pods-AMPNews.debug.xcconfig */ = {isa = PBXFileReference; includeInIndex = 1; lastKnownFileType = text.xcconfig; name = "Pods-AMPNews.debug.xcconfig"; path = "Pods/Target Support Files/Pods-AMPNews/Pods-AMPNews.debug.xcconfig"; sourceTree = "<group>"; };
/* End PBXFileReference section */

/* Begin PBXFrameworksBuildPhase section */
		6230FCE4203FA6C90075FD33 /* Frameworks */ = {
			isa = PBXFrameworksBuildPhase;
			buildActionMask = 2147483647;
			files = (
				DF47A403159AD3E0CACD79CE /* Pods_AMPNews.framework in Frameworks */,
			);
			runOnlyForDeploymentPostprocessing = 0;
		};
		6230FCF8203FA6C90075FD33 /* Frameworks */ = {
			isa = PBXFrameworksBuildPhase;
			buildActionMask = 2147483647;
			files = (
				C15F8008F83657BB3A8A0CA2 /* Pods_AMPNewsTests.framework in Frameworks */,
			);
			runOnlyForDeploymentPostprocessing = 0;
		};
		6230FD03203FA6C90075FD33 /* Frameworks */ = {
			isa = PBXFrameworksBuildPhase;
			buildActionMask = 2147483647;
			files = (
				6A907418544E62885464ABE1 /* Pods_AMPNewsUITests.framework in Frameworks */,
			);
			runOnlyForDeploymentPostprocessing = 0;
		};
/* End PBXFrameworksBuildPhase section */

/* Begin PBXGroup section */
		6230FCDE203FA6C90075FD33 = {
			isa = PBXGroup;
			children = (
				6230FCE9203FA6C90075FD33 /* AMPNews */,
				6230FCFE203FA6C90075FD33 /* AMPNewsTests */,
				6230FD09203FA6C90075FD33 /* AMPNewsUITests */,
				6230FCE8203FA6C90075FD33 /* Products */,
				D739EF56F92D46255CB80E77 /* Pods */,
				E25A8E9395F754214971045F /* Frameworks */,
			);
			sourceTree = "<group>";
		};
		6230FCE8203FA6C90075FD33 /* Products */ = {
			isa = PBXGroup;
			children = (
				6230FCE7203FA6C90075FD33 /* AMPNews.app */,
				6230FCFB203FA6C90075FD33 /* AMPNewsTests.xctest */,
				6230FD06203FA6C90075FD33 /* AMPNewsUITests.xctest */,
			);
			name = Products;
			sourceTree = "<group>";
		};
		6230FCE9203FA6C90075FD33 /* AMPNews */ = {
			isa = PBXGroup;
			children = (
				6230FD1B203FD2940075FD33 /* Resource */,
				6230FD18203FD2450075FD33 /* NewsArticleList */,
				6230FCEA203FA6C90075FD33 /* AppDelegate.swift */,
				6230FD2D203FF11E0075FD33 /* ViewController.swift */,
				6230FCEE203FA6C90075FD33 /* Main.storyboard */,
				6230FCF1203FA6C90075FD33 /* Assets.xcassets */,
				6230FCF3203FA6C90075FD33 /* LaunchScreen.storyboard */,
				6230FCF6203FA6C90075FD33 /* Info.plist */,
			);
			path = AMPNews;
			sourceTree = "<group>";
		};
		6230FCFE203FA6C90075FD33 /* AMPNewsTests */ = {
			isa = PBXGroup;
			children = (
				6230FD32203FF3010075FD33 /* MockData */,
				6230FCFF203FA6C90075FD33 /* AMPNewsTests.swift */,
				6230FD01203FA6C90075FD33 /* Info.plist */,
				6230FD36203FF3CB0075FD33 /* TestHelper.swift */,
				626B77DD204189F600A93C9F /* NewsArticleTests.swift */,
				626B77E52041A38400A93C9F /* RelatedImageTests.swift */,
				625222862042AD7D009D0D5C /* NewsArticleListTests.swift */,
				6252228A2042BB1B009D0D5C /* NewsArticleViewModelTests.swift */,
				6252228C2042BE4C009D0D5C /* NewsArticleListViewModelTests.swift */,
				62E6267D2042C9EF00E9604D /* ErrorTypeTests.swift */,
			);
			path = AMPNewsTests;
			sourceTree = "<group>";
		};
		6230FD09203FA6C90075FD33 /* AMPNewsUITests */ = {
			isa = PBXGroup;
			children = (
				6230FD0A203FA6C90075FD33 /* AMPNewsUITests.swift */,
				6230FD0C203FA6C90075FD33 /* Info.plist */,
			);
			path = AMPNewsUITests;
			sourceTree = "<group>";
		};
		6230FD18203FD2450075FD33 /* NewsArticleList */ = {
			isa = PBXGroup;
			children = (
				6230FD1A203FD27B0075FD33 /* ViewModel */,
				6230FD19203FD2660075FD33 /* Model */,
			);
			path = NewsArticleList;
			sourceTree = "<group>";
		};
		6230FD19203FD2660075FD33 /* Model */ = {
			isa = PBXGroup;
			children = (
				6230FD39203FF6AF0075FD33 /* NewsArticle.swift */,
				6230FD3B203FF86C0075FD33 /* RelatedImage.swift */,
				6230FD3D20400B240075FD33 /* NewsArticleList.swift */,
			);
			path = Model;
			sourceTree = "<group>";
		};
		6230FD1A203FD27B0075FD33 /* ViewModel */ = {
			isa = PBXGroup;
			children = (
				6230FD3F20400DA80075FD33 /* NewsArticleListViewModel.swift */,
				6230FD41204042FE0075FD33 /* NewsArticleViewModel.swift */,
			);
			path = ViewModel;
			sourceTree = "<group>";
		};
		6230FD1B203FD2940075FD33 /* Resource */ = {
			isa = PBXGroup;
			children = (
				6230FD1C203FD29E0075FD33 /* Network */,
				6230FD23203FD33C0075FD33 /* Utilities.swift */,
			);
			path = Resource;
			sourceTree = "<group>";
		};
		6230FD1C203FD29E0075FD33 /* Network */ = {
			isa = PBXGroup;
			children = (
				6230FD1D203FD2BC0075FD33 /* NetworkService.swift */,
				6230FD21203FD2E30075FD33 /* NetworkResource.swift */,
				6230FD27203FDA400075FD33 /* ErrorType.swift */,
				6230FD29203FE1F40075FD33 /* NetworkApiClient.swift */,
				6230FD2B203FE2050075FD33 /* MockApiClient.swift */,
			);
			path = Network;
			sourceTree = "<group>";
		};
		6230FD32203FF3010075FD33 /* MockData */ = {
			isa = PBXGroup;
			children = (
				6230FD33203FF3290075FD33 /* NewsArticleList.json */,
				625222882042B1A8009D0D5C /* NewsArticleArray.json */,
				626B77DF20418CA000A93C9F /* NewsArticleKeyNotFound.json */,
				626B77E12041921600A93C9F /* NewsArticle.json */,
				626B77E32041942800A93C9F /* NewsArticleRelatedImages.json */,
				626B77E72041A3C300A93C9F /* RelatedImage.json */,
				626B77EB2041A40E00A93C9F /* RelatedImageKeyNotFound.json */,
			);
			name = MockData;
			path = "New Group";
			sourceTree = "<group>";
		};
		D739EF56F92D46255CB80E77 /* Pods */ = {
			isa = PBXGroup;
			children = (
				FF19E9D17C166236C364A8ED /* Pods-AMPNews.debug.xcconfig */,
				77DDFF3302515D107419B44E /* Pods-AMPNews.release.xcconfig */,
				FCFE3703FA3E02B4EB94F67C /* Pods-AMPNewsTests.debug.xcconfig */,
				CE8663CE1CFF5BD54972A41D /* Pods-AMPNewsTests.release.xcconfig */,
				E842C9ED2400FBD088202DB3 /* Pods-AMPNewsUITests.debug.xcconfig */,
				EA7EED7F60E7572EFDF4ECC7 /* Pods-AMPNewsUITests.release.xcconfig */,
			);
			name = Pods;
			sourceTree = "<group>";
		};
		E25A8E9395F754214971045F /* Frameworks */ = {
			isa = PBXGroup;
			children = (
				6A8CE96EB5090D9683027098 /* Pods_AMPNews.framework */,
				009A733DA42BC473B6137CB6 /* Pods_AMPNewsTests.framework */,
				2D9BFCD13D6F1BDA9C65EB78 /* Pods_AMPNewsUITests.framework */,
			);
			name = Frameworks;
			sourceTree = "<group>";
		};
/* End PBXGroup section */

/* Begin PBXNativeTarget section */
		6230FCE6203FA6C90075FD33 /* AMPNews */ = {
			isa = PBXNativeTarget;
			buildConfigurationList = 6230FD0F203FA6C90075FD33 /* Build configuration list for PBXNativeTarget "AMPNews" */;
			buildPhases = (
				F74C6D2ED576BC95E1109B29 /* [CP] Check Pods Manifest.lock */,
				6230FCE3203FA6C90075FD33 /* Sources */,
				6230FCE4203FA6C90075FD33 /* Frameworks */,
				6230FCE5203FA6C90075FD33 /* Resources */,
				A8AD5FA96351F2933FC31BF3 /* [CP] Embed Pods Frameworks */,
				4A08A1614D4127217A0FE6D3 /* [CP] Copy Pods Resources */,
			);
			buildRules = (
			);
			dependencies = (
			);
			name = AMPNews;
			productName = AMPNews;
			productReference = 6230FCE7203FA6C90075FD33 /* AMPNews.app */;
			productType = "com.apple.product-type.application";
		};
		6230FCFA203FA6C90075FD33 /* AMPNewsTests */ = {
			isa = PBXNativeTarget;
			buildConfigurationList = 6230FD12203FA6C90075FD33 /* Build configuration list for PBXNativeTarget "AMPNewsTests" */;
			buildPhases = (
				D62339763A9B5E8AFAB6CDA6 /* [CP] Check Pods Manifest.lock */,
				6230FCF7203FA6C90075FD33 /* Sources */,
				6230FCF8203FA6C90075FD33 /* Frameworks */,
				6230FCF9203FA6C90075FD33 /* Resources */,
				B28D6BD585578707CFCDC2B8 /* [CP] Embed Pods Frameworks */,
				4328EC5E520B1124FD64F21E /* [CP] Copy Pods Resources */,
			);
			buildRules = (
			);
			dependencies = (
				6230FCFD203FA6C90075FD33 /* PBXTargetDependency */,
			);
			name = AMPNewsTests;
			productName = AMPNewsTests;
			productReference = 6230FCFB203FA6C90075FD33 /* AMPNewsTests.xctest */;
			productType = "com.apple.product-type.bundle.unit-test";
		};
		6230FD05203FA6C90075FD33 /* AMPNewsUITests */ = {
			isa = PBXNativeTarget;
			buildConfigurationList = 6230FD15203FA6C90075FD33 /* Build configuration list for PBXNativeTarget "AMPNewsUITests" */;
			buildPhases = (
				858EA3F000D9B1116CFCA687 /* [CP] Check Pods Manifest.lock */,
				6230FD02203FA6C90075FD33 /* Sources */,
				6230FD03203FA6C90075FD33 /* Frameworks */,
				6230FD04203FA6C90075FD33 /* Resources */,
				314A88BD32D47FEF0E0730AE /* [CP] Embed Pods Frameworks */,
				F6DD7AAE3943BF657F018CF7 /* [CP] Copy Pods Resources */,
			);
			buildRules = (
			);
			dependencies = (
				6230FD08203FA6C90075FD33 /* PBXTargetDependency */,
			);
			name = AMPNewsUITests;
			productName = AMPNewsUITests;
			productReference = 6230FD06203FA6C90075FD33 /* AMPNewsUITests.xctest */;
			productType = "com.apple.product-type.bundle.ui-testing";
		};
/* End PBXNativeTarget section */

/* Begin PBXProject section */
		6230FCDF203FA6C90075FD33 /* Project object */ = {
			isa = PBXProject;
			attributes = {
				LastSwiftUpdateCheck = 0920;
				LastUpgradeCheck = 0920;
				ORGANIZATIONNAME = Jithesh;
				TargetAttributes = {
					6230FCE6203FA6C90075FD33 = {
						CreatedOnToolsVersion = 9.2;
						ProvisioningStyle = Automatic;
					};
					6230FCFA203FA6C90075FD33 = {
						CreatedOnToolsVersion = 9.2;
						ProvisioningStyle = Automatic;
						TestTargetID = 6230FCE6203FA6C90075FD33;
					};
					6230FD05203FA6C90075FD33 = {
						CreatedOnToolsVersion = 9.2;
						ProvisioningStyle = Automatic;
						TestTargetID = 6230FCE6203FA6C90075FD33;
					};
				};
			};
			buildConfigurationList = 6230FCE2203FA6C90075FD33 /* Build configuration list for PBXProject "AMPNews" */;
			compatibilityVersion = "Xcode 8.0";
			developmentRegion = en;
			hasScannedForEncodings = 0;
			knownRegions = (
				en,
				Base,
			);
			mainGroup = 6230FCDE203FA6C90075FD33;
			productRefGroup = 6230FCE8203FA6C90075FD33 /* Products */;
			projectDirPath = "";
			projectRoot = "";
			targets = (
				6230FCE6203FA6C90075FD33 /* AMPNews */,
				6230FCFA203FA6C90075FD33 /* AMPNewsTests */,
				6230FD05203FA6C90075FD33 /* AMPNewsUITests */,
			);
		};
/* End PBXProject section */

/* Begin PBXResourcesBuildPhase section */
		6230FCE5203FA6C90075FD33 /* Resources */ = {
			isa = PBXResourcesBuildPhase;
			buildActionMask = 2147483647;
			files = (
				6230FCF5203FA6C90075FD33 /* LaunchScreen.storyboard in Resources */,
				6230FD35203FF3340075FD33 /* NewsArticleList.json in Resources */,
				6230FCF2203FA6C90075FD33 /* Assets.xcassets in Resources */,
				6230FCF0203FA6C90075FD33 /* Main.storyboard in Resources */,
			);
			runOnlyForDeploymentPostprocessing = 0;
		};
		6230FCF9203FA6C90075FD33 /* Resources */ = {
			isa = PBXResourcesBuildPhase;
			buildActionMask = 2147483647;
			files = (
				626B77E22041921600A93C9F /* NewsArticle.json in Resources */,
				626B77E42041942800A93C9F /* NewsArticleRelatedImages.json in Resources */,
				626B77EC2041A40F00A93C9F /* RelatedImageKeyNotFound.json in Resources */,
				625222892042B1A8009D0D5C /* NewsArticleArray.json in Resources */,
				626B77E82041A3C300A93C9F /* RelatedImage.json in Resources */,
				626B77E020418CA000A93C9F /* NewsArticleKeyNotFound.json in Resources */,
				6230FD34203FF3290075FD33 /* NewsArticleList.json in Resources */,
			);
			runOnlyForDeploymentPostprocessing = 0;
		};
		6230FD04203FA6C90075FD33 /* Resources */ = {
			isa = PBXResourcesBuildPhase;
			buildActionMask = 2147483647;
			files = (
			);
			runOnlyForDeploymentPostprocessing = 0;
		};
/* End PBXResourcesBuildPhase section */

/* Begin PBXShellScriptBuildPhase section */
		314A88BD32D47FEF0E0730AE /* [CP] Embed Pods Frameworks */ = {
			isa = PBXShellScriptBuildPhase;
			buildActionMask = 2147483647;
			files = (
			);
			inputPaths = (
			);
			name = "[CP] Embed Pods Frameworks";
			outputPaths = (
			);
			runOnlyForDeploymentPostprocessing = 0;
			shellPath = /bin/sh;
			shellScript = "\"${SRCROOT}/Pods/Target Support Files/Pods-AMPNewsUITests/Pods-AMPNewsUITests-frameworks.sh\"\n";
			showEnvVarsInLog = 0;
		};
		4328EC5E520B1124FD64F21E /* [CP] Copy Pods Resources */ = {
			isa = PBXShellScriptBuildPhase;
			buildActionMask = 2147483647;
			files = (
			);
			inputPaths = (
			);
			name = "[CP] Copy Pods Resources";
			outputPaths = (
			);
			runOnlyForDeploymentPostprocessing = 0;
			shellPath = /bin/sh;
			shellScript = "\"${SRCROOT}/Pods/Target Support Files/Pods-AMPNewsTests/Pods-AMPNewsTests-resources.sh\"\n";
			showEnvVarsInLog = 0;
		};
		4A08A1614D4127217A0FE6D3 /* [CP] Copy Pods Resources */ = {
			isa = PBXShellScriptBuildPhase;
			buildActionMask = 2147483647;
			files = (
			);
			inputPaths = (
			);
			name = "[CP] Copy Pods Resources";
			outputPaths = (
			);
			runOnlyForDeploymentPostprocessing = 0;
			shellPath = /bin/sh;
			shellScript = "\"${SRCROOT}/Pods/Target Support Files/Pods-AMPNews/Pods-AMPNews-resources.sh\"\n";
			showEnvVarsInLog = 0;
		};
		858EA3F000D9B1116CFCA687 /* [CP] Check Pods Manifest.lock */ = {
			isa = PBXShellScriptBuildPhase;
			buildActionMask = 2147483647;
			files = (
			);
			inputPaths = (
				"${PODS_PODFILE_DIR_PATH}/Podfile.lock",
				"${PODS_ROOT}/Manifest.lock",
			);
			name = "[CP] Check Pods Manifest.lock";
			outputPaths = (
				"$(DERIVED_FILE_DIR)/Pods-AMPNewsUITests-checkManifestLockResult.txt",
			);
			runOnlyForDeploymentPostprocessing = 0;
			shellPath = /bin/sh;
			shellScript = "diff \"${PODS_PODFILE_DIR_PATH}/Podfile.lock\" \"${PODS_ROOT}/Manifest.lock\" > /dev/null\nif [ $? != 0 ] ; then\n    # print error to STDERR\n    echo \"error: The sandbox is not in sync with the Podfile.lock. Run 'pod install' or update your CocoaPods installation.\" >&2\n    exit 1\nfi\n# This output is used by Xcode 'outputs' to avoid re-running this script phase.\necho \"SUCCESS\" > \"${SCRIPT_OUTPUT_FILE_0}\"\n";
			showEnvVarsInLog = 0;
		};
		A8AD5FA96351F2933FC31BF3 /* [CP] Embed Pods Frameworks */ = {
			isa = PBXShellScriptBuildPhase;
			buildActionMask = 2147483647;
			files = (
			);
			inputPaths = (
				"${SRCROOT}/Pods/Target Support Files/Pods-AMPNews/Pods-AMPNews-frameworks.sh",
				"${BUILT_PRODUCTS_DIR}/Alamofire/Alamofire.framework",
				"${BUILT_PRODUCTS_DIR}/Kingfisher/Kingfisher.framework",
				"${BUILT_PRODUCTS_DIR}/RxCocoa/RxCocoa.framework",
				"${BUILT_PRODUCTS_DIR}/RxSwift/RxSwift.framework",
				"${BUILT_PRODUCTS_DIR}/SwiftyJSON/SwiftyJSON.framework",
			);
			name = "[CP] Embed Pods Frameworks";
			outputPaths = (
				"${TARGET_BUILD_DIR}/${FRAMEWORKS_FOLDER_PATH}/Alamofire.framework",
				"${TARGET_BUILD_DIR}/${FRAMEWORKS_FOLDER_PATH}/Kingfisher.framework",
				"${TARGET_BUILD_DIR}/${FRAMEWORKS_FOLDER_PATH}/RxCocoa.framework",
				"${TARGET_BUILD_DIR}/${FRAMEWORKS_FOLDER_PATH}/RxSwift.framework",
				"${TARGET_BUILD_DIR}/${FRAMEWORKS_FOLDER_PATH}/SwiftyJSON.framework",
			);
			runOnlyForDeploymentPostprocessing = 0;
			shellPath = /bin/sh;
			shellScript = "\"${SRCROOT}/Pods/Target Support Files/Pods-AMPNews/Pods-AMPNews-frameworks.sh\"\n";
			showEnvVarsInLog = 0;
		};
		B28D6BD585578707CFCDC2B8 /* [CP] Embed Pods Frameworks */ = {
			isa = PBXShellScriptBuildPhase;
			buildActionMask = 2147483647;
			files = (
			);
			inputPaths = (
				"${SRCROOT}/Pods/Target Support Files/Pods-AMPNewsTests/Pods-AMPNewsTests-frameworks.sh",
				"${BUILT_PRODUCTS_DIR}/RxSwift/RxSwift.framework",
				"${BUILT_PRODUCTS_DIR}/RxBlocking/RxBlocking.framework",
				"${BUILT_PRODUCTS_DIR}/RxTest/RxTest.framework",
			);
			name = "[CP] Embed Pods Frameworks";
			outputPaths = (
				"${TARGET_BUILD_DIR}/${FRAMEWORKS_FOLDER_PATH}/RxSwift.framework",
				"${TARGET_BUILD_DIR}/${FRAMEWORKS_FOLDER_PATH}/RxBlocking.framework",
				"${TARGET_BUILD_DIR}/${FRAMEWORKS_FOLDER_PATH}/RxTest.framework",
			);
			runOnlyForDeploymentPostprocessing = 0;
			shellPath = /bin/sh;
			shellScript = "\"${SRCROOT}/Pods/Target Support Files/Pods-AMPNewsTests/Pods-AMPNewsTests-frameworks.sh\"\n";
			showEnvVarsInLog = 0;
		};
		D62339763A9B5E8AFAB6CDA6 /* [CP] Check Pods Manifest.lock */ = {
			isa = PBXShellScriptBuildPhase;
			buildActionMask = 2147483647;
			files = (
			);
			inputPaths = (
				"${PODS_PODFILE_DIR_PATH}/Podfile.lock",
				"${PODS_ROOT}/Manifest.lock",
			);
			name = "[CP] Check Pods Manifest.lock";
			outputPaths = (
				"$(DERIVED_FILE_DIR)/Pods-AMPNewsTests-checkManifestLockResult.txt",
			);
			runOnlyForDeploymentPostprocessing = 0;
			shellPath = /bin/sh;
			shellScript = "diff \"${PODS_PODFILE_DIR_PATH}/Podfile.lock\" \"${PODS_ROOT}/Manifest.lock\" > /dev/null\nif [ $? != 0 ] ; then\n    # print error to STDERR\n    echo \"error: The sandbox is not in sync with the Podfile.lock. Run 'pod install' or update your CocoaPods installation.\" >&2\n    exit 1\nfi\n# This output is used by Xcode 'outputs' to avoid re-running this script phase.\necho \"SUCCESS\" > \"${SCRIPT_OUTPUT_FILE_0}\"\n";
			showEnvVarsInLog = 0;
		};
		F6DD7AAE3943BF657F018CF7 /* [CP] Copy Pods Resources */ = {
			isa = PBXShellScriptBuildPhase;
			buildActionMask = 2147483647;
			files = (
			);
			inputPaths = (
			);
			name = "[CP] Copy Pods Resources";
			outputPaths = (
			);
			runOnlyForDeploymentPostprocessing = 0;
			shellPath = /bin/sh;
			shellScript = "\"${SRCROOT}/Pods/Target Support Files/Pods-AMPNewsUITests/Pods-AMPNewsUITests-resources.sh\"\n";
			showEnvVarsInLog = 0;
		};
		F74C6D2ED576BC95E1109B29 /* [CP] Check Pods Manifest.lock */ = {
			isa = PBXShellScriptBuildPhase;
			buildActionMask = 2147483647;
			files = (
			);
			inputPaths = (
				"${PODS_PODFILE_DIR_PATH}/Podfile.lock",
				"${PODS_ROOT}/Manifest.lock",
			);
			name = "[CP] Check Pods Manifest.lock";
			outputPaths = (
				"$(DERIVED_FILE_DIR)/Pods-AMPNews-checkManifestLockResult.txt",
			);
			runOnlyForDeploymentPostprocessing = 0;
			shellPath = /bin/sh;
			shellScript = "diff \"${PODS_PODFILE_DIR_PATH}/Podfile.lock\" \"${PODS_ROOT}/Manifest.lock\" > /dev/null\nif [ $? != 0 ] ; then\n    # print error to STDERR\n    echo \"error: The sandbox is not in sync with the Podfile.lock. Run 'pod install' or update your CocoaPods installation.\" >&2\n    exit 1\nfi\n# This output is used by Xcode 'outputs' to avoid re-running this script phase.\necho \"SUCCESS\" > \"${SCRIPT_OUTPUT_FILE_0}\"\n";
			showEnvVarsInLog = 0;
		};
/* End PBXShellScriptBuildPhase section */

/* Begin PBXSourcesBuildPhase section */
		6230FCE3203FA6C90075FD33 /* Sources */ = {
			isa = PBXSourcesBuildPhase;
			buildActionMask = 2147483647;
			files = (
				6230FD42204042FE0075FD33 /* NewsArticleViewModel.swift in Sources */,
				6230FD2A203FE1F40075FD33 /* NetworkApiClient.swift in Sources */,
				6230FD3E20400B240075FD33 /* NewsArticleList.swift in Sources */,
				6230FD3A203FF6AF0075FD33 /* NewsArticle.swift in Sources */,
				6230FD1E203FD2BC0075FD33 /* NetworkService.swift in Sources */,
				6230FD22203FD2E30075FD33 /* NetworkResource.swift in Sources */,
				6230FD24203FD33C0075FD33 /* Utilities.swift in Sources */,
				6230FD28203FDA400075FD33 /* ErrorType.swift in Sources */,
				6230FCEB203FA6C90075FD33 /* AppDelegate.swift in Sources */,
				6230FD38203FF4820075FD33 /* TestHelper.swift in Sources */,
				6230FD3C203FF86C0075FD33 /* RelatedImage.swift in Sources */,
				6230FD4020400DA80075FD33 /* NewsArticleListViewModel.swift in Sources */,
				6230FD2E203FF11E0075FD33 /* ViewController.swift in Sources */,
				6230FD2C203FE2050075FD33 /* MockApiClient.swift in Sources */,
			);
			runOnlyForDeploymentPostprocessing = 0;
		};
		6230FCF7203FA6C90075FD33 /* Sources */ = {
			isa = PBXSourcesBuildPhase;
			buildActionMask = 2147483647;
			files = (
				6230FD00203FA6C90075FD33 /* AMPNewsTests.swift in Sources */,
				626B77E62041A38400A93C9F /* RelatedImageTests.swift in Sources */,
				6252228D2042BE4C009D0D5C /* NewsArticleListViewModelTests.swift in Sources */,
				6230FD37203FF3CB0075FD33 /* TestHelper.swift in Sources */,
				626B77DE204189F600A93C9F /* NewsArticleTests.swift in Sources */,
				6252228B2042BB1B009D0D5C /* NewsArticleViewModelTests.swift in Sources */,
				62E6267E2042C9EF00E9604D /* ErrorTypeTests.swift in Sources */,
				625222872042AD7D009D0D5C /* NewsArticleListTests.swift in Sources */,
			);
			runOnlyForDeploymentPostprocessing = 0;
		};
		6230FD02203FA6C90075FD33 /* Sources */ = {
			isa = PBXSourcesBuildPhase;
			buildActionMask = 2147483647;
			files = (
				6230FD0B203FA6C90075FD33 /* AMPNewsUITests.swift in Sources */,
			);
			runOnlyForDeploymentPostprocessing = 0;
		};
/* End PBXSourcesBuildPhase section */

/* Begin PBXTargetDependency section */
		6230FCFD203FA6C90075FD33 /* PBXTargetDependency */ = {
			isa = PBXTargetDependency;
			target = 6230FCE6203FA6C90075FD33 /* AMPNews */;
			targetProxy = 6230FCFC203FA6C90075FD33 /* PBXContainerItemProxy */;
		};
		6230FD08203FA6C90075FD33 /* PBXTargetDependency */ = {
			isa = PBXTargetDependency;
			target = 6230FCE6203FA6C90075FD33 /* AMPNews */;
			targetProxy = 6230FD07203FA6C90075FD33 /* PBXContainerItemProxy */;
		};
/* End PBXTargetDependency section */

/* Begin PBXVariantGroup section */
		6230FCEE203FA6C90075FD33 /* Main.storyboard */ = {
			isa = PBXVariantGroup;
			children = (
				6230FCEF203FA6C90075FD33 /* Base */,
			);
			name = Main.storyboard;
			sourceTree = "<group>";
		};
		6230FCF3203FA6C90075FD33 /* LaunchScreen.storyboard */ = {
			isa = PBXVariantGroup;
			children = (
				6230FCF4203FA6C90075FD33 /* Base */,
			);
			name = LaunchScreen.storyboard;
			sourceTree = "<group>";
		};
/* End PBXVariantGroup section */

/* Begin XCBuildConfiguration section */
		6230FD0D203FA6C90075FD33 /* Debug */ = {
			isa = XCBuildConfiguration;
			buildSettings = {
				ALWAYS_SEARCH_USER_PATHS = NO;
				CLANG_ANALYZER_NONNULL = YES;
				CLANG_ANALYZER_NUMBER_OBJECT_CONVERSION = YES_AGGRESSIVE;
				CLANG_CXX_LANGUAGE_STANDARD = "gnu++14";
				CLANG_CXX_LIBRARY = "libc++";
				CLANG_ENABLE_MODULES = YES;
				CLANG_ENABLE_OBJC_ARC = YES;
				CLANG_WARN_BLOCK_CAPTURE_AUTORELEASING = YES;
				CLANG_WARN_BOOL_CONVERSION = YES;
				CLANG_WARN_COMMA = YES;
				CLANG_WARN_CONSTANT_CONVERSION = YES;
				CLANG_WARN_DIRECT_OBJC_ISA_USAGE = YES_ERROR;
				CLANG_WARN_DOCUMENTATION_COMMENTS = YES;
				CLANG_WARN_EMPTY_BODY = YES;
				CLANG_WARN_ENUM_CONVERSION = YES;
				CLANG_WARN_INFINITE_RECURSION = YES;
				CLANG_WARN_INT_CONVERSION = YES;
				CLANG_WARN_NON_LITERAL_NULL_CONVERSION = YES;
				CLANG_WARN_OBJC_LITERAL_CONVERSION = YES;
				CLANG_WARN_OBJC_ROOT_CLASS = YES_ERROR;
				CLANG_WARN_RANGE_LOOP_ANALYSIS = YES;
				CLANG_WARN_STRICT_PROTOTYPES = YES;
				CLANG_WARN_SUSPICIOUS_MOVE = YES;
				CLANG_WARN_UNGUARDED_AVAILABILITY = YES_AGGRESSIVE;
				CLANG_WARN_UNREACHABLE_CODE = YES;
				CLANG_WARN__DUPLICATE_METHOD_MATCH = YES;
				CODE_SIGN_IDENTITY = "iPhone Developer";
				COPY_PHASE_STRIP = NO;
				DEBUG_INFORMATION_FORMAT = dwarf;
				ENABLE_STRICT_OBJC_MSGSEND = YES;
				ENABLE_TESTABILITY = YES;
				GCC_C_LANGUAGE_STANDARD = gnu11;
				GCC_DYNAMIC_NO_PIC = NO;
				GCC_NO_COMMON_BLOCKS = YES;
				GCC_OPTIMIZATION_LEVEL = 0;
				GCC_PREPROCESSOR_DEFINITIONS = (
					"DEBUG=1",
					"$(inherited)",
				);
				GCC_WARN_64_TO_32_BIT_CONVERSION = YES;
				GCC_WARN_ABOUT_RETURN_TYPE = YES_ERROR;
				GCC_WARN_UNDECLARED_SELECTOR = YES;
				GCC_WARN_UNINITIALIZED_AUTOS = YES_AGGRESSIVE;
				GCC_WARN_UNUSED_FUNCTION = YES;
				GCC_WARN_UNUSED_VARIABLE = YES;
				IPHONEOS_DEPLOYMENT_TARGET = 11.2;
				MTL_ENABLE_DEBUG_INFO = YES;
				ONLY_ACTIVE_ARCH = YES;
				SDKROOT = iphoneos;
				SWIFT_ACTIVE_COMPILATION_CONDITIONS = DEBUG;
				SWIFT_OPTIMIZATION_LEVEL = "-Onone";
			};
			name = Debug;
		};
		6230FD0E203FA6C90075FD33 /* Release */ = {
			isa = XCBuildConfiguration;
			buildSettings = {
				ALWAYS_SEARCH_USER_PATHS = NO;
				CLANG_ANALYZER_NONNULL = YES;
				CLANG_ANALYZER_NUMBER_OBJECT_CONVERSION = YES_AGGRESSIVE;
				CLANG_CXX_LANGUAGE_STANDARD = "gnu++14";
				CLANG_CXX_LIBRARY = "libc++";
				CLANG_ENABLE_MODULES = YES;
				CLANG_ENABLE_OBJC_ARC = YES;
				CLANG_WARN_BLOCK_CAPTURE_AUTORELEASING = YES;
				CLANG_WARN_BOOL_CONVERSION = YES;
				CLANG_WARN_COMMA = YES;
				CLANG_WARN_CONSTANT_CONVERSION = YES;
				CLANG_WARN_DIRECT_OBJC_ISA_USAGE = YES_ERROR;
				CLANG_WARN_DOCUMENTATION_COMMENTS = YES;
				CLANG_WARN_EMPTY_BODY = YES;
				CLANG_WARN_ENUM_CONVERSION = YES;
				CLANG_WARN_INFINITE_RECURSION = YES;
				CLANG_WARN_INT_CONVERSION = YES;
				CLANG_WARN_NON_LITERAL_NULL_CONVERSION = YES;
				CLANG_WARN_OBJC_LITERAL_CONVERSION = YES;
				CLANG_WARN_OBJC_ROOT_CLASS = YES_ERROR;
				CLANG_WARN_RANGE_LOOP_ANALYSIS = YES;
				CLANG_WARN_STRICT_PROTOTYPES = YES;
				CLANG_WARN_SUSPICIOUS_MOVE = YES;
				CLANG_WARN_UNGUARDED_AVAILABILITY = YES_AGGRESSIVE;
				CLANG_WARN_UNREACHABLE_CODE = YES;
				CLANG_WARN__DUPLICATE_METHOD_MATCH = YES;
				CODE_SIGN_IDENTITY = "iPhone Developer";
				COPY_PHASE_STRIP = NO;
				DEBUG_INFORMATION_FORMAT = "dwarf-with-dsym";
				ENABLE_NS_ASSERTIONS = NO;
				ENABLE_STRICT_OBJC_MSGSEND = YES;
				GCC_C_LANGUAGE_STANDARD = gnu11;
				GCC_NO_COMMON_BLOCKS = YES;
				GCC_WARN_64_TO_32_BIT_CONVERSION = YES;
				GCC_WARN_ABOUT_RETURN_TYPE = YES_ERROR;
				GCC_WARN_UNDECLARED_SELECTOR = YES;
				GCC_WARN_UNINITIALIZED_AUTOS = YES_AGGRESSIVE;
				GCC_WARN_UNUSED_FUNCTION = YES;
				GCC_WARN_UNUSED_VARIABLE = YES;
				IPHONEOS_DEPLOYMENT_TARGET = 11.2;
				MTL_ENABLE_DEBUG_INFO = NO;
				SDKROOT = iphoneos;
				SWIFT_OPTIMIZATION_LEVEL = "-Owholemodule";
				VALIDATE_PRODUCT = YES;
			};
			name = Release;
		};
		6230FD10203FA6C90075FD33 /* Debug */ = {
			isa = XCBuildConfiguration;
			baseConfigurationReference = FF19E9D17C166236C364A8ED /* Pods-AMPNews.debug.xcconfig */;
			buildSettings = {
				ASSETCATALOG_COMPILER_APPICON_NAME = AppIcon;
				CODE_SIGN_STYLE = Automatic;
				INFOPLIST_FILE = AMPNews/Info.plist;
				LD_RUNPATH_SEARCH_PATHS = "$(inherited) @executable_path/Frameworks";
				PRODUCT_BUNDLE_IDENTIFIER = au.com.jithesh.AMPNews;
				PRODUCT_NAME = "$(TARGET_NAME)";
				SWIFT_VERSION = 4.0;
				TARGETED_DEVICE_FAMILY = 1;
			};
			name = Debug;
		};
		6230FD11203FA6C90075FD33 /* Release */ = {
			isa = XCBuildConfiguration;
			baseConfigurationReference = 77DDFF3302515D107419B44E /* Pods-AMPNews.release.xcconfig */;
			buildSettings = {
				ASSETCATALOG_COMPILER_APPICON_NAME = AppIcon;
				CODE_SIGN_STYLE = Automatic;
				INFOPLIST_FILE = AMPNews/Info.plist;
				LD_RUNPATH_SEARCH_PATHS = "$(inherited) @executable_path/Frameworks";
				PRODUCT_BUNDLE_IDENTIFIER = au.com.jithesh.AMPNews;
				PRODUCT_NAME = "$(TARGET_NAME)";
				SWIFT_VERSION = 4.0;
				TARGETED_DEVICE_FAMILY = 1;
			};
			name = Release;
		};
		6230FD13203FA6C90075FD33 /* Debug */ = {
			isa = XCBuildConfiguration;
			baseConfigurationReference = FCFE3703FA3E02B4EB94F67C /* Pods-AMPNewsTests.debug.xcconfig */;
			buildSettings = {
				ALWAYS_EMBED_SWIFT_STANDARD_LIBRARIES = "$(inherited)";
				BUNDLE_LOADER = "$(TEST_HOST)";
				CODE_SIGN_STYLE = Automatic;
				INFOPLIST_FILE = AMPNewsTests/Info.plist;
				LD_RUNPATH_SEARCH_PATHS = "$(inherited) @executable_path/Frameworks @loader_path/Frameworks";
				PRODUCT_BUNDLE_IDENTIFIER = au.com.jithesh.AMPNewsTests;
				PRODUCT_NAME = "$(TARGET_NAME)";
				SWIFT_VERSION = 4.0;
				TARGETED_DEVICE_FAMILY = "1,2";
				TEST_HOST = "$(BUILT_PRODUCTS_DIR)/AMPNews.app/AMPNews";
			};
			name = Debug;
		};
		6230FD14203FA6C90075FD33 /* Release */ = {
			isa = XCBuildConfiguration;
			baseConfigurationReference = CE8663CE1CFF5BD54972A41D /* Pods-AMPNewsTests.release.xcconfig */;
			buildSettings = {
				ALWAYS_EMBED_SWIFT_STANDARD_LIBRARIES = "$(inherited)";
				BUNDLE_LOADER = "$(TEST_HOST)";
				CODE_SIGN_STYLE = Automatic;
				INFOPLIST_FILE = AMPNewsTests/Info.plist;
				LD_RUNPATH_SEARCH_PATHS = "$(inherited) @executable_path/Frameworks @loader_path/Frameworks";
				PRODUCT_BUNDLE_IDENTIFIER = au.com.jithesh.AMPNewsTests;
				PRODUCT_NAME = "$(TARGET_NAME)";
				SWIFT_VERSION = 4.0;
				TARGETED_DEVICE_FAMILY = "1,2";
				TEST_HOST = "$(BUILT_PRODUCTS_DIR)/AMPNews.app/AMPNews";
			};
			name = Release;
		};
		6230FD16203FA6C90075FD33 /* Debug */ = {
			isa = XCBuildConfiguration;
			baseConfigurationReference = E842C9ED2400FBD088202DB3 /* Pods-AMPNewsUITests.debug.xcconfig */;
			buildSettings = {
				ALWAYS_EMBED_SWIFT_STANDARD_LIBRARIES = "$(inherited)";
				CODE_SIGN_STYLE = Automatic;
				INFOPLIST_FILE = AMPNewsUITests/Info.plist;
				LD_RUNPATH_SEARCH_PATHS = "$(inherited) @executable_path/Frameworks @loader_path/Frameworks";
				PRODUCT_BUNDLE_IDENTIFIER = au.com.jithesh.AMPNewsUITests;
				PRODUCT_NAME = "$(TARGET_NAME)";
				SWIFT_VERSION = 4.0;
				TARGETED_DEVICE_FAMILY = "1,2";
				TEST_TARGET_NAME = AMPNews;
			};
			name = Debug;
		};
		6230FD17203FA6C90075FD33 /* Release */ = {
			isa = XCBuildConfiguration;
			baseConfigurationReference = EA7EED7F60E7572EFDF4ECC7 /* Pods-AMPNewsUITests.release.xcconfig */;
			buildSettings = {
				ALWAYS_EMBED_SWIFT_STANDARD_LIBRARIES = "$(inherited)";
				CODE_SIGN_STYLE = Automatic;
				INFOPLIST_FILE = AMPNewsUITests/Info.plist;
				LD_RUNPATH_SEARCH_PATHS = "$(inherited) @executable_path/Frameworks @loader_path/Frameworks";
				PRODUCT_BUNDLE_IDENTIFIER = au.com.jithesh.AMPNewsUITests;
				PRODUCT_NAME = "$(TARGET_NAME)";
				SWIFT_VERSION = 4.0;
				TARGETED_DEVICE_FAMILY = "1,2";
				TEST_TARGET_NAME = AMPNews;
			};
			name = Release;
		};
/* End XCBuildConfiguration section */

/* Begin XCConfigurationList section */
		6230FCE2203FA6C90075FD33 /* Build configuration list for PBXProject "AMPNews" */ = {
			isa = XCConfigurationList;
			buildConfigurations = (
				6230FD0D203FA6C90075FD33 /* Debug */,
				6230FD0E203FA6C90075FD33 /* Release */,
			);
			defaultConfigurationIsVisible = 0;
			defaultConfigurationName = Release;
		};
		6230FD0F203FA6C90075FD33 /* Build configuration list for PBXNativeTarget "AMPNews" */ = {
			isa = XCConfigurationList;
			buildConfigurations = (
				6230FD10203FA6C90075FD33 /* Debug */,
				6230FD11203FA6C90075FD33 /* Release */,
			);
			defaultConfigurationIsVisible = 0;
			defaultConfigurationName = Release;
		};
		6230FD12203FA6C90075FD33 /* Build configuration list for PBXNativeTarget "AMPNewsTests" */ = {
			isa = XCConfigurationList;
			buildConfigurations = (
				6230FD13203FA6C90075FD33 /* Debug */,
				6230FD14203FA6C90075FD33 /* Release */,
			);
			defaultConfigurationIsVisible = 0;
			defaultConfigurationName = Release;
		};
		6230FD15203FA6C90075FD33 /* Build configuration list for PBXNativeTarget "AMPNewsUITests" */ = {
			isa = XCConfigurationList;
			buildConfigurations = (
				6230FD16203FA6C90075FD33 /* Debug */,
				6230FD17203FA6C90075FD33 /* Release */,
			);
			defaultConfigurationIsVisible = 0;
			defaultConfigurationName = Release;
		};
/* End XCConfigurationList section */
	};
	rootObject = 6230FCDF203FA6C90075FD33 /* Project object */;
}
